
Microsoft Visual Studio Solution File, Format Version 12.00
# Visual Studio Version 17
VisualStudioVersion = 17.2.32630.192
MinimumVisualStudioVersion = 10.0.40219.1
Project("{9A19103F-16F7-4668-BE54-9A1E7A4F7556}") = "ReadWriteFiles", "ReadWriteFiles.csproj", "{A84352C9-C59E-45A5-B4C4-6F85E447A9C1}"
EndProject
Project("{FAE04EC0-301F-11D3-BF4B-00C04F79EFBC}") = "ReadWriteFilesTest", "..\ReadWriteFilesTest\ReadWriteFilesTest.csproj", "{7C830F9C-1EE3-4C0A-918D-C4254BD9A912}"
EndProject
Global
	GlobalSection(SolutionConfigurationPlatforms) = preSolution
		Debug|Any CPU = Debug|Any CPU
		Release|Any CPU = Release|Any CPU
	EndGlobalSection
	GlobalSection(ProjectConfigurationPlatforms) = postSolution
		{A84352C9-C59E-45A5-B4C4-6F85E447A9C1}.Debug|Any CPU.ActiveCfg = Debug|Any CPU
		{A84352C9-C59E-45A5-B4C4-6F85E447A9C1}.Debug|Any CPU.Build.0 = Debug|Any CPU
		{A84352C9-C59E-45A5-B4C4-6F85E447A9C1}.Release|Any CPU.ActiveCfg = Release|Any CPU
		{A84352C9-C59E-45A5-B4C4-6F85E447A9C1}.Release|Any CPU.Build.0 = Release|Any CPU
		{7C830F9C-1EE3-4C0A-918D-C4254BD9A912}.Debug|Any CPU.ActiveCfg = Debug|Any CPU
		{7C830F9C-1EE3-4C0A-918D-C4254BD9A912}.Debug|Any CPU.Build.0 = Debug|Any CPU
		{7C830F9C-1EE3-4C0A-918D-C4254BD9A912}.Release|Any CPU.ActiveCfg = Release|Any CPU
		{7C830F9C-1EE3-4C0A-918D-C4254BD9A912}.Release|Any CPU.Build.0 = Release|Any CPU
	EndGlobalSection
	GlobalSection(SolutionProperties) = preSolution
		HideSolutionNode = FALSE
	EndGlobalSection
	GlobalSection(ExtensibilityGlobals) = postSolution
		SolutionGuid = {4849322E-C04B-4AEF-8455-C7FC140FB4B0}
	EndGlobalSection
EndGlobal
